{
  "version": 4,
  "terraform_version": "1.6.2",
  "serial": 532,
  "lineage": "61e6f7db-43d3-fcf2-d844-020e9a7b0295",
  "outputs": {
    "instance_access": {
      "value": "Access instance using : ssh ubuntu@13.235.113.245 -i ~/key",
      "type": "string"
    }
  },
  "resources": [
    {
      "mode": "data",
      "type": "aws_ami",
      "name": "ubuntu-ami",
      "provider": "provider[\"registry.terraform.io/hashicorp/aws\"]",
      "instances": [
        {
          "schema_version": 0,
          "attributes": {
            "architecture": "x86_64",
            "arn": "arn:aws:ec2:ap-south-1::image/ami-0f2e255ec956ade7f",
            "block_device_mappings": [
              {
                "device_name": "/dev/sda1",
                "ebs": {
                  "delete_on_termination": "true",
                  "encrypted": "false",
                  "iops": "0",
                  "snapshot_id": "snap-022b4861bd744b2ca",
                  "throughput": "0",
                  "volume_size": "8",
                  "volume_type": "gp2"
                },
                "no_device": "",
                "virtual_name": ""
              },
              {
                "device_name": "/dev/sdb",
                "ebs": {},
                "no_device": "",
                "virtual_name": "ephemeral0"
              },
              {
                "device_name": "/dev/sdc",
                "ebs": {},
                "no_device": "",
                "virtual_name": "ephemeral1"
              }
            ],
            "boot_mode": "",
            "creation_date": "2021-09-29T08:19:37.000Z",
            "deprecation_time": "2023-09-29T08:19:37.000Z",
            "description": "Canonical, Ubuntu, 16.04 LTS, amd64 xenial image build on 2021-09-28",
            "ena_support": true,
            "executable_users": null,
            "filter": [
              {
                "name": "name",
                "values": [
                  "ubuntu/images/hvm-ssd/ubuntu-xenial-16.04-amd64-server-*"
                ]
              }
            ],
            "hypervisor": "xen",
            "id": "ami-0f2e255ec956ade7f",
            "image_id": "ami-0f2e255ec956ade7f",
            "image_location": "amazon/ubuntu/images/hvm-ssd/ubuntu-xenial-16.04-amd64-server-20210928",
            "image_owner_alias": "amazon",
            "image_type": "machine",
            "imds_support": "",
            "include_deprecated": true,
            "kernel_id": "",
            "most_recent": true,
            "name": "ubuntu/images/hvm-ssd/ubuntu-xenial-16.04-amd64-server-20210928",
            "name_regex": null,
            "owner_id": "099720109477",
            "owners": [
              "099720109477"
            ],
            "platform": "",
            "platform_details": "Linux/UNIX",
            "product_codes": [],
            "public": true,
            "ramdisk_id": "",
            "root_device_name": "/dev/sda1",
            "root_device_type": "ebs",
            "root_snapshot_id": "snap-022b4861bd744b2ca",
            "sriov_net_support": "simple",
            "state": "available",
            "state_reason": {
              "code": "UNSET",
              "message": "UNSET"
            },
            "tags": {},
            "timeouts": null,
            "tpm_support": "",
            "usage_operation": "RunInstances",
            "virtualization_type": "hvm"
          },
          "sensitive_attributes": []
        }
      ]
    },
    {
      "mode": "data",
      "type": "aws_iam_policy_document",
      "name": "instance_assume_role_policy",
      "provider": "provider[\"registry.terraform.io/hashicorp/aws\"]",
      "instances": [
        {
          "schema_version": 0,
          "attributes": {
            "id": "2851119427",
            "json": "{\n  \"Version\": \"2012-10-17\",\n  \"Statement\": [\n    {\n      \"Effect\": \"Allow\",\n      \"Action\": \"sts:AssumeRole\",\n      \"Principal\": {\n        \"Service\": \"ec2.amazonaws.com\"\n      }\n    }\n  ]\n}",
            "override_policy_documents": null,
            "policy_id": null,
            "source_policy_documents": null,
            "statement": [
              {
                "actions": [
                  "sts:AssumeRole"
                ],
                "condition": [],
                "effect": "Allow",
                "not_actions": [],
                "not_principals": [],
                "not_resources": [],
                "principals": [
                  {
                    "identifiers": [
                      "ec2.amazonaws.com"
                    ],
                    "type": "Service"
                  }
                ],
                "resources": [],
                "sid": ""
              }
            ],
            "version": "2012-10-17"
          },
          "sensitive_attributes": []
        }
      ]
    },
    {
      "mode": "data",
      "type": "aws_subnet",
      "name": "selected",
      "provider": "provider[\"registry.terraform.io/hashicorp/aws\"]",
      "instances": [
        {
          "schema_version": 0,
          "attributes": {
            "arn": "arn:aws:ec2:ap-south-1:331061725593:subnet/subnet-08e32f914ceb1a114",
            "assign_ipv6_address_on_creation": false,
            "availability_zone": "ap-south-1a",
            "availability_zone_id": "aps1-az1",
            "available_ip_address_count": 4091,
            "cidr_block": "10.0.128.0/20",
            "customer_owned_ipv4_pool": "",
            "default_for_az": false,
            "enable_dns64": false,
            "enable_lni_at_device_index": 0,
            "enable_resource_name_dns_a_record_on_launch": false,
            "enable_resource_name_dns_aaaa_record_on_launch": false,
            "filter": null,
            "id": "subnet-08e32f914ceb1a114",
            "ipv6_cidr_block": "",
            "ipv6_cidr_block_association_id": "",
            "ipv6_native": false,
            "map_customer_owned_ip_on_launch": false,
            "map_public_ip_on_launch": false,
            "outpost_arn": "",
            "owner_id": "331061725593",
            "private_dns_hostname_type_on_launch": "ip-name",
            "state": "available",
            "tags": {
              "CreatedBy": "utkarshs@sahaj.ai",
              "EventName": "test_ctf"
            },
            "timeouts": null,
            "vpc_id": "vpc-00fb712e07ccba978"
          },
          "sensitive_attributes": []
        }
      ]
    },
    {
      "mode": "data",
      "type": "aws_vpc",
      "name": "vpc",
      "provider": "provider[\"registry.terraform.io/hashicorp/aws\"]",
      "instances": [
        {
          "schema_version": 0,
          "attributes": {
            "arn": "arn:aws:ec2:ap-south-1:331061725593:vpc/vpc-00fb712e07ccba978",
            "cidr_block": "10.0.0.0/16",
            "cidr_block_associations": [
              {
                "association_id": "vpc-cidr-assoc-093408acbc00f4a83",
                "cidr_block": "10.0.0.0/16",
                "state": "associated"
              }
            ],
            "default": false,
            "dhcp_options_id": "dopt-9eb562f5",
            "enable_dns_hostnames": false,
            "enable_dns_support": true,
            "enable_network_address_usage_metrics": false,
            "filter": [
              {
                "name": "tag:Name",
                "values": [
                  "defaut-vpc"
                ]
              }
            ],
            "id": "vpc-00fb712e07ccba978",
            "instance_tenancy": "default",
            "ipv6_association_id": "",
            "ipv6_cidr_block": "",
            "main_route_table_id": "rtb-0375ac226c21b6aa0",
            "owner_id": "331061725593",
            "state": null,
            "tags": {
              "CreatedBy": "utkarshs@sahaj.ai",
              "EventName": "test_ctf",
              "Name": "defaut-vpc"
            },
            "timeouts": null
          },
          "sensitive_attributes": []
        }
      ]
    },
    {
      "mode": "managed",
      "type": "aws_iam_instance_profile",
      "name": "node_instance_profile",
      "provider": "provider[\"registry.terraform.io/hashicorp/aws\"]",
      "instances": [
        {
          "schema_version": 0,
          "attributes": {
            "arn": "arn:aws:iam::331061725593:instance-profile/k8s_node_dnyaneshwarw",
            "create_date": "2023-11-22T13:01:21Z",
            "id": "k8s_node_dnyaneshwarw",
            "name": "k8s_node_dnyaneshwarw",
            "name_prefix": "",
            "path": "/",
            "role": "k8s_node_role_dnyaneshwarw",
            "tags": {},
            "tags_all": {
              "owner": "dnyaneshwarw",
              "purpose": "cap-dev-infra assignment"
            },
            "unique_id": "AIPAU2FGRBGMSTS5C46LM"
          },
          "sensitive_attributes": [],
          "private": "bnVsbA==",
          "dependencies": [
            "aws_iam_role.node_role",
            "data.aws_iam_policy_document.instance_assume_role_policy"
          ]
        }
      ]
    },
    {
      "mode": "managed",
      "type": "aws_iam_role",
      "name": "node_role",
      "provider": "provider[\"registry.terraform.io/hashicorp/aws\"]",
      "instances": [
        {
          "schema_version": 0,
          "attributes": {
            "arn": "arn:aws:iam::331061725593:role/k8s_node_role_dnyaneshwarw",
            "assume_role_policy": "{\"Statement\":[{\"Action\":\"sts:AssumeRole\",\"Effect\":\"Allow\",\"Principal\":{\"Service\":\"ec2.amazonaws.com\"}}],\"Version\":\"2012-10-17\"}",
            "create_date": "2023-11-22T13:01:20Z",
            "description": "",
            "force_detach_policies": false,
            "id": "k8s_node_role_dnyaneshwarw",
            "inline_policy": [],
            "managed_policy_arns": [
              "arn:aws:iam::aws:policy/AmazonSSMManagedInstanceCore"
            ],
            "max_session_duration": 3600,
            "name": "k8s_node_role_dnyaneshwarw",
            "name_prefix": "",
            "path": "/",
            "permissions_boundary": "",
            "tags": {},
            "tags_all": {
              "owner": "dnyaneshwarw",
              "purpose": "cap-dev-infra assignment"
            },
            "unique_id": "AROAU2FGRBGM647BB7KZG"
          },
          "sensitive_attributes": [],
          "private": "bnVsbA==",
          "dependencies": [
            "data.aws_iam_policy_document.instance_assume_role_policy"
          ]
        }
      ]
    },
    {
      "mode": "managed",
      "type": "aws_iam_role_policy_attachment",
      "name": "allow_ssm_access",
      "provider": "provider[\"registry.terraform.io/hashicorp/aws\"]",
      "instances": [
        {
          "schema_version": 0,
          "attributes": {
            "id": "k8s_node_role_dnyaneshwarw-20231122130121203700000002",
            "policy_arn": "arn:aws:iam::aws:policy/AmazonSSMManagedInstanceCore",
            "role": "k8s_node_role_dnyaneshwarw"
          },
          "sensitive_attributes": [],
          "private": "bnVsbA==",
          "dependencies": [
            "aws_iam_role.node_role",
            "data.aws_iam_policy_document.instance_assume_role_policy"
          ]
        }
      ]
    },
    {
      "mode": "managed",
      "type": "aws_instance",
      "name": "k8s_node",
      "provider": "provider[\"registry.terraform.io/hashicorp/aws\"]",
      "instances": [
        {
          "schema_version": 1,
          "attributes": {
            "ami": "ami-0f2e255ec956ade7f",
            "arn": "arn:aws:ec2:ap-south-1:331061725593:instance/i-04db4b5686a061daf",
            "associate_public_ip_address": true,
            "availability_zone": "ap-south-1a",
            "capacity_reservation_specification": [
              {
                "capacity_reservation_preference": "open",
                "capacity_reservation_target": []
              }
            ],
            "cpu_core_count": 1,
            "cpu_options": [
              {
                "amd_sev_snp": "",
                "core_count": 1,
                "threads_per_core": 2
              }
            ],
            "cpu_threads_per_core": 2,
            "credit_specification": [
              {
                "cpu_credits": "standard"
              }
            ],
            "disable_api_stop": false,
            "disable_api_termination": false,
            "ebs_block_device": [],
            "ebs_optimized": true,
            "enclave_options": [
              {
                "enabled": false
              }
            ],
            "ephemeral_block_device": [],
            "get_password_data": false,
            "hibernation": false,
            "host_id": "",
            "host_resource_group_arn": null,
            "iam_instance_profile": "k8s_node_dnyaneshwarw",
            "id": "i-04db4b5686a061daf",
            "instance_initiated_shutdown_behavior": "stop",
            "instance_lifecycle": "",
            "instance_market_options": [],
            "instance_state": "running",
            "instance_type": "t3a.medium",
            "ipv6_address_count": 0,
            "ipv6_addresses": [],
            "key_name": "keypair_dnyaneshwarw",
            "launch_template": [],
            "maintenance_options": [
              {
                "auto_recovery": "default"
              }
            ],
            "metadata_options": [
              {
                "http_endpoint": "enabled",
                "http_protocol_ipv6": "disabled",
                "http_put_response_hop_limit": 3,
                "http_tokens": "optional",
                "instance_metadata_tags": "enabled"
              }
            ],
            "monitoring": false,
            "network_interface": [],
            "outpost_arn": "",
            "password_data": "",
            "placement_group": "",
            "placement_partition_number": 0,
            "primary_network_interface_id": "eni-044a272960656c820",
            "private_dns": "ip-10-0-133-38.ap-south-1.compute.internal",
            "private_dns_name_options": [
              {
                "enable_resource_name_dns_a_record": false,
                "enable_resource_name_dns_aaaa_record": false,
                "hostname_type": "ip-name"
              }
            ],
            "private_ip": "10.0.133.38",
            "public_dns": "",
            "public_ip": "13.235.113.245",
            "root_block_device": [
              {
                "delete_on_termination": true,
                "device_name": "/dev/sda1",
                "encrypted": false,
                "iops": 100,
                "kms_key_id": "",
                "tags": {},
                "throughput": 0,
                "volume_id": "vol-09bb8de261c8c1add",
                "volume_size": 8,
                "volume_type": "gp2"
              }
            ],
            "secondary_private_ips": [],
            "security_groups": [],
            "source_dest_check": true,
            "spot_instance_request_id": "",
            "subnet_id": "subnet-08e32f914ceb1a114",
            "tags": {
              "Name": "k8s_node_cap_dev_infra_dnyaneshwarw"
            },
            "tags_all": {
              "Name": "k8s_node_cap_dev_infra_dnyaneshwarw",
              "owner": "dnyaneshwarw",
              "purpose": "cap-dev-infra assignment"
            },
            "tenancy": "default",
            "timeouts": null,
            "user_data": "1d08e2b1e2c32b6563f9593d8f856ac31a539ea6",
            "user_data_base64": null,
            "user_data_replace_on_change": true,
            "volume_tags": null,
            "vpc_security_group_ids": [
              "sg-014d72ac64c43d7ef"
            ]
          },
          "sensitive_attributes": [],
          "private": "eyJlMmJmYjczMC1lY2FhLTExZTYtOGY4OC0zNDM2M2JjN2M0YzAiOnsiY3JlYXRlIjo2MDAwMDAwMDAwMDAsImRlbGV0ZSI6MTIwMDAwMDAwMDAwMCwidXBkYXRlIjo2MDAwMDAwMDAwMDB9LCJzY2hlbWFfdmVyc2lvbiI6IjEifQ==",
          "dependencies": [
            "aws_iam_instance_profile.node_instance_profile",
            "aws_iam_role.node_role",
            "aws_key_pair.key_pair",
            "aws_security_group.node_sg",
            "data.aws_ami.ubuntu-ami",
            "data.aws_iam_policy_document.instance_assume_role_policy",
            "data.aws_subnet.selected",
            "data.aws_vpc.vpc"
          ]
        }
      ]
    },
    {
      "mode": "managed",
      "type": "aws_key_pair",
      "name": "key_pair",
      "provider": "provider[\"registry.terraform.io/hashicorp/aws\"]",
      "instances": [
        {
          "schema_version": 1,
          "attributes": {
            "arn": "arn:aws:ec2:ap-south-1:331061725593:key-pair/keypair_dnyaneshwarw",
            "fingerprint": "ab:d8:3c:47:19:90:3b:47:d8:43:24:cf:f8:8f:39:f5",
            "id": "keypair_dnyaneshwarw",
            "key_name": "keypair_dnyaneshwarw",
            "key_name_prefix": "",
            "key_pair_id": "key-0faf4feeb60d8bf8a",
            "key_type": "rsa",
            "public_key": "ssh-rsa AAAAB3NzaC1yc2EAAAADAQABAAACAQDassw7Wh7n+onKBvcXkgNhV0/39+rlK/S9/K6bmDHrMpw5Ru1Rlj9WsH8GZV2+E/kfJ1NIFQmTPVWUTiqbmbRKea7kJ+3rfUoSpNdy0GhwX0AfL0NNicnJdSdKZp0BBav0X1uVG1h2cBmhERYEdy7BjDrhVqRdtewQ3VTtCUq0o5U384VQxwtUTr2Njj7fOMY/nh5DgBYp70KmS06y6URrfnWgvbsqhTAd/13TwEqkEyPeDrNKLumNgknt3afslfFmCIdC6sPo6fOc2k860o3V79bngcPIIQAGGK8ThSOejH9MpQ7LHpDXqQ4u+RJXh6XySkdg7kL/hzky9AyLHzh7PFhIJfP1NZXGH2jiumP5MKwuovBWx89sAZFqucn1X0HzGMbCOtWUqJq7zMRY2CqgDXsSSzl9XQxI1VMkX65ILzAJvK5udZue7ybsdV5HXlfy2rLSrPrQJ4aGphGRzudinYCNjysdNpvzFQrpMvihQxCY0o+YHbug7ZtEMFF9JK6NGQ07Cf/dwOuL9mTBqq2FPFFtILWNAeYjENUp1SKTVHbd43exwKklsOTQQYx3napEm9Vd1/L/y7UgEyztOCs2B4PTTvLTTues8vMfkbei7b8jkVPYtT5ICP1TCHjbYSQBJ6vU0Yzn4RwX04abx9VFEn71BKFvb+XmoCpdB9Wo4w== dnyaneshwarw@sahaj.ai",
            "tags": {},
            "tags_all": {
              "owner": "dnyaneshwarw",
              "purpose": "cap-dev-infra assignment"
            }
          },
          "sensitive_attributes": [],
          "private": "eyJzY2hlbWFfdmVyc2lvbiI6IjEifQ=="
        }
      ]
    },
    {
      "mode": "managed",
      "type": "aws_security_group",
      "name": "node_sg",
      "provider": "provider[\"registry.terraform.io/hashicorp/aws\"]",
      "instances": [
        {
          "schema_version": 1,
          "attributes": {
            "arn": "arn:aws:ec2:ap-south-1:331061725593:security-group/sg-014d72ac64c43d7ef",
            "description": "SG for k8s_node",
            "egress": [
              {
                "cidr_blocks": [
                  "0.0.0.0/0"
                ],
                "description": "",
                "from_port": 0,
                "ipv6_cidr_blocks": [
                  "::/0"
                ],
                "prefix_list_ids": [],
                "protocol": "-1",
                "security_groups": [],
                "self": false,
                "to_port": 0
              }
            ],
            "id": "sg-014d72ac64c43d7ef",
            "ingress": [
              {
                "cidr_blocks": [
                  "0.0.0.0/0"
                ],
                "description": "",
                "from_port": 22,
                "ipv6_cidr_blocks": [],
                "prefix_list_ids": [],
                "protocol": "tcp",
                "security_groups": [],
                "self": false,
                "to_port": 22
              }
            ],
            "name": "k8s_node_sg_dnyaneshwarw20231122130119268800000001",
            "name_prefix": "k8s_node_sg_dnyaneshwarw",
            "owner_id": "331061725593",
            "revoke_rules_on_delete": false,
            "tags": {},
            "tags_all": {
              "owner": "dnyaneshwarw",
              "purpose": "cap-dev-infra assignment"
            },
            "timeouts": {
              "create": null,
              "delete": "10m"
            },
            "vpc_id": "vpc-00fb712e07ccba978"
          },
          "sensitive_attributes": [],
          "private": "eyJlMmJmYjczMC1lY2FhLTExZTYtOGY4OC0zNDM2M2JjN2M0YzAiOnsiY3JlYXRlIjo2MDAwMDAwMDAwMDAsImRlbGV0ZSI6NjAwMDAwMDAwMDAwfSwic2NoZW1hX3ZlcnNpb24iOiIxIn0=",
          "dependencies": [
            "data.aws_vpc.vpc"
          ],
          "create_before_destroy": true
        }
      ]
    },
    {
      "mode": "managed",
      "type": "aws_vpc_security_group_egress_rule",
      "name": "allow_outgoing_ipv4",
      "provider": "provider[\"registry.terraform.io/hashicorp/aws\"]",
      "instances": [
        {
          "schema_version": 0,
          "attributes": {
            "arn": "arn:aws:ec2:ap-south-1:331061725593:security-group-rule/sgr-0cbaabdc3dfc123d6",
            "cidr_ipv4": "0.0.0.0/0",
            "cidr_ipv6": null,
            "description": null,
            "from_port": null,
            "id": "sgr-0cbaabdc3dfc123d6",
            "ip_protocol": "-1",
            "prefix_list_id": null,
            "referenced_security_group_id": null,
            "security_group_id": "sg-014d72ac64c43d7ef",
            "security_group_rule_id": "sgr-0cbaabdc3dfc123d6",
            "tags": null,
            "tags_all": {
              "owner": "dnyaneshwarw",
              "purpose": "cap-dev-infra assignment"
            },
            "to_port": null
          },
          "sensitive_attributes": [],
          "dependencies": [
            "aws_security_group.node_sg",
            "data.aws_vpc.vpc"
          ]
        }
      ]
    },
    {
      "mode": "managed",
      "type": "aws_vpc_security_group_egress_rule",
      "name": "allow_outgoing_ipv6",
      "provider": "provider[\"registry.terraform.io/hashicorp/aws\"]",
      "instances": [
        {
          "schema_version": 0,
          "attributes": {
            "arn": "arn:aws:ec2:ap-south-1:331061725593:security-group-rule/sgr-05dea38328a123151",
            "cidr_ipv4": null,
            "cidr_ipv6": "::/0",
            "description": null,
            "from_port": null,
            "id": "sgr-05dea38328a123151",
            "ip_protocol": "-1",
            "prefix_list_id": null,
            "referenced_security_group_id": null,
            "security_group_id": "sg-014d72ac64c43d7ef",
            "security_group_rule_id": "sgr-05dea38328a123151",
            "tags": null,
            "tags_all": {
              "owner": "dnyaneshwarw",
              "purpose": "cap-dev-infra assignment"
            },
            "to_port": null
          },
          "sensitive_attributes": [],
          "dependencies": [
            "aws_security_group.node_sg",
            "data.aws_vpc.vpc"
          ]
        }
      ]
    },
    {
      "mode": "managed",
      "type": "aws_vpc_security_group_ingress_rule",
      "name": "allow_ssh_access",
      "provider": "provider[\"registry.terraform.io/hashicorp/aws\"]",
      "instances": [
        {
          "schema_version": 0,
          "attributes": {
            "arn": "arn:aws:ec2:ap-south-1:331061725593:security-group-rule/sgr-09d621cc13a3927e9",
            "cidr_ipv4": "0.0.0.0/0",
            "cidr_ipv6": null,
            "description": null,
            "from_port": 22,
            "id": "sgr-09d621cc13a3927e9",
            "ip_protocol": "tcp",
            "prefix_list_id": null,
            "referenced_security_group_id": null,
            "security_group_id": "sg-014d72ac64c43d7ef",
            "security_group_rule_id": "sgr-09d621cc13a3927e9",
            "tags": null,
            "tags_all": {
              "owner": "dnyaneshwarw",
              "purpose": "cap-dev-infra assignment"
            },
            "to_port": 22
          },
          "sensitive_attributes": [],
          "dependencies": [
            "aws_security_group.node_sg",
            "data.aws_vpc.vpc"
          ]
        }
      ]
    }
  ],
  "check_results": null
}
